
Microsoft Visual Studio Solution File, Format Version 12.00
# Visual Studio Version 17
VisualStudioVersion = 17.11.35303.130
MinimumVisualStudioVersion = 10.0.40219.1
Project("{FAE04EC0-301F-11D3-BF4B-00C04F79EFBC}") = "LR4_task", "LR4_task.csproj", "{778B44E1-F797-4EB6-AC6D-C311441A011B}"
EndProject
Global
	GlobalSection(SolutionConfigurationPlatforms) = preSolution
		Debug|Any CPU = Debug|Any CPU
		Release|Any CPU = Release|Any CPU
	EndGlobalSection
	GlobalSection(ProjectConfigurationPlatforms) = postSolution
		{778B44E1-F797-4EB6-AC6D-C311441A011B}.Debug|Any CPU.ActiveCfg = Debug|Any CPU
		{778B44E1-F797-4EB6-AC6D-C311441A011B}.Debug|Any CPU.Build.0 = Debug|Any CPU
		{778B44E1-F797-4EB6-AC6D-C311441A011B}.Release|Any CPU.ActiveCfg = Release|Any CPU
		{778B44E1-F797-4EB6-AC6D-C311441A011B}.Release|Any CPU.Build.0 = Release|Any CPU
	EndGlobalSection
	GlobalSection(SolutionProperties) = preSolution
		HideSolutionNode = FALSE
	EndGlobalSection
	GlobalSection(ExtensibilityGlobals) = postSolution
		SolutionGuid = {4DD14C3A-AE36-4ADC-871F-7502EE5CEBC2}
	EndGlobalSection
EndGlobal
